// !$*UTF8*$!
{
	archiveVersion = 1;
	classes = {
	};
	objectVersion = 55;
	objects = {

/* Begin PBXBuildFile section */
		3035D75C27620DF1000CB290 /* ResourcePath.mm in Sources */ = {isa = PBXBuildFile; fileRef = 3035D75B27620DF1000CB290 /* ResourcePath.mm */; };
		3035D75F27620DF1000CB290 /* main.cpp in Sources */ = {isa = PBXBuildFile; fileRef = 3035D75E27620DF1000CB290 /* main.cpp */; };
		3035D76227620DF1000CB290 /* cute_image.jpg in Resources */ = {isa = PBXBuildFile; fileRef = 3035D76127620DF1000CB290 /* cute_image.jpg */; };
		3035D76427620DF1000CB290 /* nice_music.ogg in Resources */ = {isa = PBXBuildFile; fileRef = 3035D76327620DF1000CB290 /* nice_music.ogg */; };
		3035D76627620DF1000CB290 /* sansation.ttf in Resources */ = {isa = PBXBuildFile; fileRef = 3035D76527620DF1000CB290 /* sansation.ttf */; };
		3035D76827620DF1000CB290 /* icon.png in Resources */ = {isa = PBXBuildFile; fileRef = 3035D76727620DF1000CB290 /* icon.png */; };
		3035D77927620E52000CB290 /* Debug in Resources */ = {isa = PBXBuildFile; fileRef = 3035D76E27620E52000CB290 /* Debug */; };
		3035D77A27620E52000CB290 /* Minesweeper.vcxproj in Resources */ = {isa = PBXBuildFile; fileRef = 3035D76F27620E52000CB290 /* Minesweeper.vcxproj */; };
		3035D77B27620E52000CB290 /* Minesweeper.vcxproj.filters in Resources */ = {isa = PBXBuildFile; fileRef = 3035D77027620E52000CB290 /* Minesweeper.vcxproj.filters */; };
		3035D77C27620E52000CB290 /* TextureLoader.cpp in Sources */ = {isa = PBXBuildFile; fileRef = 3035D77227620E52000CB290 /* TextureLoader.cpp */; };
		3035D77D27620E52000CB290 /* Tile.cpp in Sources */ = {isa = PBXBuildFile; fileRef = 3035D77527620E52000CB290 /* Tile.cpp */; };
		3035D77E27620E52000CB290 /* boards in Resources */ = {isa = PBXBuildFile; fileRef = 3035D77627620E52000CB290 /* boards */; };
		3035D77F27620E52000CB290 /* Board.cpp in Sources */ = {isa = PBXBuildFile; fileRef = 3035D77727620E52000CB290 /* Board.cpp */; };
		3035D78027620E52000CB290 /* images in Resources */ = {isa = PBXBuildFile; fileRef = 3035D77827620E52000CB290 /* images */; };
/* End PBXBuildFile section */

/* Begin PBXFileReference section */
		3035D75627620DF1000CB290 /* Minesw.app */ = {isa = PBXFileReference; explicitFileType = wrapper.application; includeInIndex = 0; path = Minesw.app; sourceTree = BUILT_PRODUCTS_DIR; };
		3035D75A27620DF1000CB290 /* Minesw-Info.plist */ = {isa = PBXFileReference; lastKnownFileType = text.plist.xml; name = "Minesw-Info.plist"; path = "../Minesw-Info.plist"; sourceTree = "<group>"; };
		3035D75B27620DF1000CB290 /* ResourcePath.mm */ = {isa = PBXFileReference; lastKnownFileType = sourcecode.cpp.objcpp; path = ResourcePath.mm; sourceTree = "<group>"; };
		3035D75D27620DF1000CB290 /* ResourcePath.hpp */ = {isa = PBXFileReference; lastKnownFileType = sourcecode.cpp.h; path = ResourcePath.hpp; sourceTree = "<group>"; };
		3035D75E27620DF1000CB290 /* main.cpp */ = {isa = PBXFileReference; lastKnownFileType = sourcecode.cpp.cpp; path = main.cpp; sourceTree = "<group>"; };
		3035D76127620DF1000CB290 /* cute_image.jpg */ = {isa = PBXFileReference; lastKnownFileType = image.jpeg; name = cute_image.jpg; path = ../cute_image.jpg; sourceTree = "<group>"; };
		3035D76327620DF1000CB290 /* nice_music.ogg */ = {isa = PBXFileReference; lastKnownFileType = file; name = nice_music.ogg; path = ../nice_music.ogg; sourceTree = "<group>"; };
		3035D76527620DF1000CB290 /* sansation.ttf */ = {isa = PBXFileReference; lastKnownFileType = file; name = sansation.ttf; path = ../sansation.ttf; sourceTree = "<group>"; };
		3035D76727620DF1000CB290 /* icon.png */ = {isa = PBXFileReference; lastKnownFileType = image.png; name = icon.png; path = ../icon.png; sourceTree = "<group>"; };
		3035D76E27620E52000CB290 /* Debug */ = {isa = PBXFileReference; lastKnownFileType = folder; name = Debug; path = ../../Debug; sourceTree = "<group>"; };
		3035D76F27620E52000CB290 /* Minesweeper.vcxproj */ = {isa = PBXFileReference; fileEncoding = 4; lastKnownFileType = text.xml; name = Minesweeper.vcxproj; path = ../../Minesweeper.vcxproj; sourceTree = "<group>"; };
		3035D77027620E52000CB290 /* Minesweeper.vcxproj.filters */ = {isa = PBXFileReference; fileEncoding = 4; lastKnownFileType = text.xml; name = Minesweeper.vcxproj.filters; path = ../../Minesweeper.vcxproj.filters; sourceTree = "<group>"; };
		3035D77127620E52000CB290 /* TextureLoader.h */ = {isa = PBXFileReference; fileEncoding = 4; lastKnownFileType = sourcecode.c.h; name = TextureLoader.h; path = ../../TextureLoader.h; sourceTree = "<group>"; };
		3035D77227620E52000CB290 /* TextureLoader.cpp */ = {isa = PBXFileReference; fileEncoding = 4; lastKnownFileType = sourcecode.cpp.cpp; name = TextureLoader.cpp; path = ../../TextureLoader.cpp; sourceTree = "<group>"; };
		3035D77327620E52000CB290 /* Board.h */ = {isa = PBXFileReference; fileEncoding = 4; lastKnownFileType = sourcecode.c.h; name = Board.h; path = ../../Board.h; sourceTree = "<group>"; };
		3035D77427620E52000CB290 /* Tile.h */ = {isa = PBXFileReference; fileEncoding = 4; lastKnownFileType = sourcecode.c.h; name = Tile.h; path = ../../Tile.h; sourceTree = "<group>"; };
		3035D77527620E52000CB290 /* Tile.cpp */ = {isa = PBXFileReference; fileEncoding = 4; lastKnownFileType = sourcecode.cpp.cpp; name = Tile.cpp; path = ../../Tile.cpp; sourceTree = "<group>"; };
		3035D77627620E52000CB290 /* boards */ = {isa = PBXFileReference; lastKnownFileType = folder; name = boards; path = ../../boards; sourceTree = "<group>"; };
		3035D77727620E52000CB290 /* Board.cpp */ = {isa = PBXFileReference; fileEncoding = 4; lastKnownFileType = sourcecode.cpp.cpp; name = Board.cpp; path = ../../Board.cpp; sourceTree = "<group>"; };
		3035D77827620E52000CB290 /* images */ = {isa = PBXFileReference; lastKnownFileType = folder; name = images; path = ../../images; sourceTree = "<group>"; };
/* End PBXFileReference section */

/* Begin PBXFrameworksBuildPhase section */
		3035D75227620DF1000CB290 /* Frameworks */ = {
			isa = PBXFrameworksBuildPhase;
			buildActionMask = 2147483647;
			files = (
			);
			runOnlyForDeploymentPostprocessing = 0;
		};
/* End PBXFrameworksBuildPhase section */

/* Begin PBXGroup section */
		3035D74C27620DF1000CB290 = {
			isa = PBXGroup;
			children = (
				3035D75827620DF1000CB290 /* Minesw */,
				3035D75727620DF1000CB290 /* Products */,
			);
			sourceTree = "<group>";
		};
		3035D75727620DF1000CB290 /* Products */ = {
			isa = PBXGroup;
			children = (
				3035D75627620DF1000CB290 /* Minesw.app */,
			);
			name = Products;
			sourceTree = "<group>";
		};
		3035D75827620DF1000CB290 /* Minesw */ = {
			isa = PBXGroup;
			children = (
				3035D75B27620DF1000CB290 /* ResourcePath.mm */,
				3035D75D27620DF1000CB290 /* ResourcePath.hpp */,
				3035D75E27620DF1000CB290 /* main.cpp */,
				3035D77727620E52000CB290 /* Board.cpp */,
				3035D77327620E52000CB290 /* Board.h */,
				3035D77627620E52000CB290 /* boards */,
				3035D76E27620E52000CB290 /* Debug */,
				3035D77827620E52000CB290 /* images */,
				3035D76F27620E52000CB290 /* Minesweeper.vcxproj */,
				3035D77027620E52000CB290 /* Minesweeper.vcxproj.filters */,
				3035D77227620E52000CB290 /* TextureLoader.cpp */,
				3035D77127620E52000CB290 /* TextureLoader.h */,
				3035D77527620E52000CB290 /* Tile.cpp */,
				3035D77427620E52000CB290 /* Tile.h */,
				3035D76027620DF1000CB290 /* Resources */,
				3035D75927620DF1000CB290 /* Supporting Files */,
			);
			path = Minesw;
			sourceTree = "<group>";
		};
		3035D75927620DF1000CB290 /* Supporting Files */ = {
			isa = PBXGroup;
			children = (
				3035D75A27620DF1000CB290 /* Minesw-Info.plist */,
			);
			path = "Supporting Files";
			sourceTree = "<group>";
		};
		3035D76027620DF1000CB290 /* Resources */ = {
			isa = PBXGroup;
			children = (
				3035D76127620DF1000CB290 /* cute_image.jpg */,
				3035D76327620DF1000CB290 /* nice_music.ogg */,
				3035D76527620DF1000CB290 /* sansation.ttf */,
				3035D76727620DF1000CB290 /* icon.png */,
			);
			path = Resources;
			sourceTree = "<group>";
		};
/* End PBXGroup section */

/* Begin PBXNativeTarget section */
		3035D75527620DF1000CB290 /* Minesw */ = {
			isa = PBXNativeTarget;
			buildConfigurationList = 3035D76B27620DF1000CB290 /* Build configuration list for PBXNativeTarget "Minesw" */;
			buildPhases = (
				3035D75127620DF1000CB290 /* Sources */,
				3035D75227620DF1000CB290 /* Frameworks */,
				3035D75327620DF1000CB290 /* Resources */,
				3035D75427620DF1000CB290 /* ShellScript */,
			);
			buildRules = (
			);
			dependencies = (
			);
			name = Minesw;
			productName = Minesw;
			productReference = 3035D75627620DF1000CB290 /* Minesw.app */;
			productType = "com.apple.product-type.application";
		};
/* End PBXNativeTarget section */

/* Begin PBXProject section */
		3035D74D27620DF1000CB290 /* Project object */ = {
			isa = PBXProject;
			attributes = {
				BuildIndependentTargetsInParallel = 1;
				LastUpgradeCheck = 1310;
				ORGANIZATIONNAME = "Nathan Wand";
				TargetAttributes = {
					3035D75527620DF1000CB290 = {
						CreatedOnToolsVersion = 13.1;
					};
				};
			};
			buildConfigurationList = 3035D75027620DF1000CB290 /* Build configuration list for PBXProject "Minesw" */;
			compatibilityVersion = "Xcode 13.0";
			developmentRegion = en;
			hasScannedForEncodings = 0;
			knownRegions = (
				en,
				Base,
			);
			mainGroup = 3035D74C27620DF1000CB290;
			productRefGroup = 3035D75727620DF1000CB290 /* Products */;
			projectDirPath = "";
			projectRoot = "";
			targets = (
				3035D75527620DF1000CB290 /* Minesw */,
			);
		};
/* End PBXProject section */

/* Begin PBXResourcesBuildPhase section */
		3035D75327620DF1000CB290 /* Resources */ = {
			isa = PBXResourcesBuildPhase;
			buildActionMask = 2147483647;
			files = (
				3035D78027620E52000CB290 /* images in Resources */,
				3035D77927620E52000CB290 /* Debug in Resources */,
				3035D77E27620E52000CB290 /* boards in Resources */,
				3035D77B27620E52000CB290 /* Minesweeper.vcxproj.filters in Resources */,
				3035D77A27620E52000CB290 /* Minesweeper.vcxproj in Resources */,
				3035D76827620DF1000CB290 /* icon.png in Resources */,
				3035D76627620DF1000CB290 /* sansation.ttf in Resources */,
				3035D76427620DF1000CB290 /* nice_music.ogg in Resources */,
				3035D76227620DF1000CB290 /* cute_image.jpg in Resources */,
			);
			runOnlyForDeploymentPostprocessing = 0;
		};
/* End PBXResourcesBuildPhase section */

/* Begin PBXShellScriptBuildPhase section */
		3035D75427620DF1000CB290 /* ShellScript */ = {
			isa = PBXShellScriptBuildPhase;
			buildActionMask = 2147483647;
			files = (
			);
			inputFileListPaths = (
			);
			inputPaths = (
			);
			outputFileListPaths = (
			);
			outputPaths = (
			);
			runOnlyForDeploymentPostprocessing = 0;
			shellPath = /bin/sh;
			shellScript = "# This shell script simply copies required SFML dylibs/frameworks into the application bundle frameworks folder.\n# If you're using static libraries (which is not recommended) you should remove this script from your project.\n\n# SETTINGS\nSFML_DEPENDENCIES_INSTALL_PREFIX=\"/Users/SFML/Desktop/packaging/tmp/install/Library/Frameworks\"\nCMAKE_INSTALL_FRAMEWORK_PREFIX=\"/Users/SFML/Desktop/packaging/tmp/install/Library/Frameworks\"\nCMAKE_INSTALL_LIB_PREFIX=\"/Users/SFML/Desktop/packaging/tmp/install/Library/Frameworks/lib\"\nFRAMEWORKS_FULL_PATH=\"$BUILT_PRODUCTS_DIR/$FRAMEWORKS_FOLDER_PATH/\"\n\n# Are we building a project that uses frameworks or dylibs?\ncase \"$SFML_BINARY_TYPE\" in\n    DYLIBS)\n        frameworks=\"false\"\n        ;;\n    *)\n        frameworks=\"true\"\n        ;;\nesac\n\n# Echoes to stderr\nerror () # $* message to display\n{\n    echo $* 1>&2\n    exit 2\n}\n\nassert () # $1 is a boolean, $2...N is an error message\n{\n    if [ $# -lt 2 ]\n    then\n        error \"Internal error in assert: not enough args\"\n    fi\n\n    if [ $1 -ne 0 ]\n    then\n        shift\n        error \"$*\"\n    fi\n}\n\nforce_remove () # $@ is some paths\n{\n    test $# -ge 1\n    assert $? \"force_remove() requires at least one parameter\"\n    rm -fr $@\n    assert $? \"couldn't remove $@\"\n}\n\ncopy () # $1 is a source, $2 is a destination\n{\n    test $# -eq 2\n    assert $? \"copy() requires two parameters\"\n    ditto \"$1\" \"$2\"\n    assert $? \"couldn't copy $1 to $2\"\n}\n\nrequire () # $1 is a SFML module like 'system' or 'audio'\n{\n    dest=\"$BUILT_PRODUCTS_DIR/$FRAMEWORKS_FOLDER_PATH/\"\n\n    if [ -z \"$1\" ]\n    then\n        error \"require() requires one parameter!\"\n    else\n        # clean potentially old stuff\n        force_remove \"$dest/libsfml-$1\"*\n        force_remove \"$dest/sfml-$1.framework\"\n\n        # copy SFML libraries\n        if [ \"$frameworks\" = \"true\" ]\n        then\n            source=\"$CMAKE_INSTALL_FRAMEWORK_PREFIX/sfml-$1.framework\"\n            target=\"sfml-$1.framework\"\n        elif [ \"$SFML_LINK_DYLIBS_SUFFIX\" = \"-d\" ]\n        then\n            source=\"$CMAKE_INSTALL_LIB_PREFIX/libsfml-$1-d.dylib\"\n            target=\"`readlink $source`\"\n        else\n            source=\"$CMAKE_INSTALL_LIB_PREFIX/libsfml-$1.dylib\"\n            target=\"`readlink $source`\"\n        fi\n\n        copy \"$source\" \"$dest/$target\"\n\n        # copy extra dependencies\n        if [ \"$1\" = \"audio\" ]\n        then\n            # copy \"FLAC\" \"ogg\" \"vorbis\" \"vorbisenc\" \"vorbisfile\" \"OpenAL\" frameworks too\n            for f in \"FLAC\" \"ogg\" \"vorbis\" \"vorbisenc\" \"vorbisfile\" \"OpenAL\"\n            do\n                copy \"$SFML_DEPENDENCIES_INSTALL_PREFIX/$f.framework\" \"$dest/$f.framework\"\n            done\n        elif [ \"$1\" = \"graphics\" ]\n        then\n            copy \"$SFML_DEPENDENCIES_INSTALL_PREFIX/freetype.framework\" \"$dest/freetype.framework\"\n        fi\n    fi\n}\n\nif [ -n \"$SFML_SYSTEM\" ]\nthen\n    require \"system\"\nfi\n\nif [ -n \"$SFML_AUDIO\" ]\nthen\n    require \"audio\"\nfi\n\nif [ -n \"$SFML_NETWORK\" ]\nthen\n    require \"network\"\nfi\n\nif [ -n \"$SFML_WINDOW\" ]\nthen\n    require \"window\"\nfi\n\nif [ -n \"$SFML_GRAPHICS\" ]\nthen\n    require \"graphics\"\nfi\n\n                ";
		};
/* End PBXShellScriptBuildPhase section */

/* Begin PBXSourcesBuildPhase section */
		3035D75127620DF1000CB290 /* Sources */ = {
			isa = PBXSourcesBuildPhase;
			buildActionMask = 2147483647;
			files = (
				3035D75F27620DF1000CB290 /* main.cpp in Sources */,
				3035D77C27620E52000CB290 /* TextureLoader.cpp in Sources */,
				3035D75C27620DF1000CB290 /* ResourcePath.mm in Sources */,
				3035D77F27620E52000CB290 /* Board.cpp in Sources */,
				3035D77D27620E52000CB290 /* Tile.cpp in Sources */,
			);
			runOnlyForDeploymentPostprocessing = 0;
		};
/* End PBXSourcesBuildPhase section */

/* Begin XCBuildConfiguration section */
		3035D76927620DF1000CB290 /* Debug */ = {
			isa = XCBuildConfiguration;
			buildSettings = {
				ARCHS = "$(NATIVE_ARCH_ACTUAL)";
				CLANG_CXX_LANGUAGE_STANDARD = "c++11";
				CLANG_CXX_LIBRARY = "libc++";
				FRAMEWORK_SEARCH_PATHS = (
					/Library/Frameworks/,
					"$(inherited)",
				);
				GCC_VERSION = com.apple.compilers.llvm.clang.1_0;
				HEADER_SEARCH_PATHS = (
					/usr/local/include/,
					"$(inherited)",
				);
				LIBRARY_SEARCH_PATHS = (
					/usr/local/lib/,
					"$(inherited)",
				);
				MACOSX_DEPLOYMENT_TARGET = 10.7;
				OTHER_LDFLAGS = (
					"$(inherited)",
					"$(SFML_SYSTEM)",
					"$(SFML_WINDOW)",
					"$(SFML_GRAPHICS)",
					"$(SFML_AUDIO)",
					"$(SFML_NETWORK)",
				);
				SFML_AUDIO = "$(SFML_LINK_PREFIX) sfml-audio$(SFML_LINK_SUFFIX)";
				SFML_BINARY_TYPE = FRAMEWORKS;
				SFML_GRAPHICS = "$(SFML_LINK_PREFIX) sfml-graphics$(SFML_LINK_SUFFIX)";
				SFML_LINK_DYLIBS_PREFIX = "-l";
				SFML_LINK_DYLIBS_SUFFIX = "";
				SFML_LINK_FRAMEWORKS_PREFIX = "-framework";
				SFML_LINK_FRAMEWORKS_SUFFIX = "";
				SFML_LINK_PREFIX = "$(SFML_LINK_$(SFML_BINARY_TYPE)_PREFIX)";
				SFML_LINK_SUFFIX = "$(SFML_LINK_$(SFML_BINARY_TYPE)_SUFFIX)";
				SFML_NETWORK = "$(SFML_LINK_PREFIX) sfml-network$(SFML_LINK_SUFFIX)";
				SFML_SYSTEM = "$(SFML_LINK_PREFIX) sfml-system$(SFML_LINK_SUFFIX)";
				SFML_WINDOW = "$(SFML_LINK_PREFIX) sfml-window$(SFML_LINK_SUFFIX)";
				SUPPORTED_PLATFORMS = macosx;
			};
			name = Debug;
		};
		3035D76A27620DF1000CB290 /* Release */ = {
			isa = XCBuildConfiguration;
			buildSettings = {
				ARCHS = "$(NATIVE_ARCH_ACTUAL)";
				CLANG_CXX_LANGUAGE_STANDARD = "c++11";
				CLANG_CXX_LIBRARY = "libc++";
				FRAMEWORK_SEARCH_PATHS = (
					/Library/Frameworks/,
					"$(inherited)",
				);
				GCC_VERSION = com.apple.compilers.llvm.clang.1_0;
				HEADER_SEARCH_PATHS = (
					/usr/local/include/,
					"$(inherited)",
				);
				LIBRARY_SEARCH_PATHS = (
					/usr/local/lib/,
					"$(inherited)",
				);
				MACOSX_DEPLOYMENT_TARGET = 10.7;
				OTHER_LDFLAGS = (
					"$(inherited)",
					"$(SFML_SYSTEM)",
					"$(SFML_WINDOW)",
					"$(SFML_GRAPHICS)",
					"$(SFML_AUDIO)",
					"$(SFML_NETWORK)",
				);
				SFML_AUDIO = "$(SFML_LINK_PREFIX) sfml-audio$(SFML_LINK_SUFFIX)";
				SFML_BINARY_TYPE = FRAMEWORKS;
				SFML_GRAPHICS = "$(SFML_LINK_PREFIX) sfml-graphics$(SFML_LINK_SUFFIX)";
				SFML_LINK_DYLIBS_PREFIX = "-l";
				SFML_LINK_DYLIBS_SUFFIX = "";
				SFML_LINK_FRAMEWORKS_PREFIX = "-framework";
				SFML_LINK_FRAMEWORKS_SUFFIX = "";
				SFML_LINK_PREFIX = "$(SFML_LINK_$(SFML_BINARY_TYPE)_PREFIX)";
				SFML_LINK_SUFFIX = "$(SFML_LINK_$(SFML_BINARY_TYPE)_SUFFIX)";
				SFML_NETWORK = "$(SFML_LINK_PREFIX) sfml-network$(SFML_LINK_SUFFIX)";
				SFML_SYSTEM = "$(SFML_LINK_PREFIX) sfml-system$(SFML_LINK_SUFFIX)";
				SFML_WINDOW = "$(SFML_LINK_PREFIX) sfml-window$(SFML_LINK_SUFFIX)";
				SUPPORTED_PLATFORMS = macosx;
			};
			name = Release;
		};
		3035D76C27620DF1000CB290 /* Debug */ = {
			isa = XCBuildConfiguration;
			buildSettings = {
				CODE_SIGN_STYLE = Automatic;
				INFOPLIST_FILE = "Minesw/Minesw-Info.plist";
				LD_RUNPATH_SEARCH_PATHS = "@loader_path/../Frameworks";
				PRODUCT_NAME = "$(TARGET_NAME)";
			};
			name = Debug;
		};
		3035D76D27620DF1000CB290 /* Release */ = {
			isa = XCBuildConfiguration;
			buildSettings = {
				CODE_SIGN_STYLE = Automatic;
				INFOPLIST_FILE = "Minesw/Minesw-Info.plist";
				LD_RUNPATH_SEARCH_PATHS = "@loader_path/../Frameworks";
				PRODUCT_NAME = "$(TARGET_NAME)";
			};
			name = Release;
		};
/* End XCBuildConfiguration section */

/* Begin XCConfigurationList section */
		3035D75027620DF1000CB290 /* Build configuration list for PBXProject "Minesw" */ = {
			isa = XCConfigurationList;
			buildConfigurations = (
				3035D76927620DF1000CB290 /* Debug */,
				3035D76A27620DF1000CB290 /* Release */,
			);
			defaultConfigurationIsVisible = 0;
			defaultConfigurationName = Release;
		};
		3035D76B27620DF1000CB290 /* Build configuration list for PBXNativeTarget "Minesw" */ = {
			isa = XCConfigurationList;
			buildConfigurations = (
				3035D76C27620DF1000CB290 /* Debug */,
				3035D76D27620DF1000CB290 /* Release */,
			);
			defaultConfigurationIsVisible = 0;
			defaultConfigurationName = Release;
		};
/* End XCConfigurationList section */
	};
	rootObject = 3035D74D27620DF1000CB290 /* Project object */;
}
